
Microsoft Visual Studio Solution File, Format Version 12.00
# Visual Studio Version 17
VisualStudioVersion = 17.5.33516.290
MinimumVisualStudioVersion = 10.0.40219.1
Project("{FAE04EC0-301F-11D3-BF4B-00C04F79EFBC}") = "csharp-typesystem-snacks", "csharp-typesystem-snacks\csharp-typesystem-snacks.csproj", "{FE5D0B3D-59C4-408F-8329-395FA619560D}"
EndProject
Global
	GlobalSection(SolutionConfigurationPlatforms) = preSolution
		Debug|Any CPU = Debug|Any CPU
		Release|Any CPU = Release|Any CPU
	EndGlobalSection
	GlobalSection(ProjectConfigurationPlatforms) = postSolution
		{FE5D0B3D-59C4-408F-8329-395FA619560D}.Debug|Any CPU.ActiveCfg = Debug|Any CPU
		{FE5D0B3D-59C4-408F-8329-395FA619560D}.Debug|Any CPU.Build.0 = Debug|Any CPU
		{FE5D0B3D-59C4-408F-8329-395FA619560D}.Release|Any CPU.ActiveCfg = Release|Any CPU
		{FE5D0B3D-59C4-408F-8329-395FA619560D}.Release|Any CPU.Build.0 = Release|Any CPU
	EndGlobalSection
	GlobalSection(SolutionProperties) = preSolution
		HideSolutionNode = FALSE
	EndGlobalSection
	GlobalSection(ExtensibilityGlobals) = postSolution
		SolutionGuid = {ED89F3DB-D92F-4295-A113-182A66F9A389}
	EndGlobalSection
EndGlobal
